
Microsoft Visual Studio Solution File, Format Version 12.00
# Visual Studio Version 17
VisualStudioVersion = 17.6.33829.357
MinimumVisualStudioVersion = 10.0.40219.1
Project("{9A19103F-16F7-4668-BE54-9A1E7A4F7556}") = "PSShopping", "PSShopping\PSShopping.csproj", "{ABCA6E15-BAD6-42FC-AD82-BD3A197C6B4D}"
EndProject
Project("{FAE04EC0-301F-11D3-BF4B-00C04F79EFBC}") = "PSShopping.API", "PSShopping.API\PSShopping.API.csproj", "{DD6659CD-16F1-4FE4-AEEF-EA3334D1A73D}"
EndProject
Project("{FAE04EC0-301F-11D3-BF4B-00C04F79EFBC}") = "PSShopping.Shared", "PSShopping.Shared\PSShopping.Shared.csproj", "{CE537E51-556C-4411-A875-F644273A8511}"
EndProject
Global
	GlobalSection(SolutionConfigurationPlatforms) = preSolution
		Debug|Any CPU = Debug|Any CPU
		Release|Any CPU = Release|Any CPU
	EndGlobalSection
	GlobalSection(ProjectConfigurationPlatforms) = postSolution
		{ABCA6E15-BAD6-42FC-AD82-BD3A197C6B4D}.Debug|Any CPU.ActiveCfg = Debug|Any CPU
		{ABCA6E15-BAD6-42FC-AD82-BD3A197C6B4D}.Debug|Any CPU.Build.0 = Debug|Any CPU
		{ABCA6E15-BAD6-42FC-AD82-BD3A197C6B4D}.Release|Any CPU.ActiveCfg = Release|Any CPU
		{ABCA6E15-BAD6-42FC-AD82-BD3A197C6B4D}.Release|Any CPU.Build.0 = Release|Any CPU
		{DD6659CD-16F1-4FE4-AEEF-EA3334D1A73D}.Debug|Any CPU.ActiveCfg = Debug|Any CPU
		{DD6659CD-16F1-4FE4-AEEF-EA3334D1A73D}.Debug|Any CPU.Build.0 = Debug|Any CPU
		{DD6659CD-16F1-4FE4-AEEF-EA3334D1A73D}.Release|Any CPU.ActiveCfg = Release|Any CPU
		{DD6659CD-16F1-4FE4-AEEF-EA3334D1A73D}.Release|Any CPU.Build.0 = Release|Any CPU
		{CE537E51-556C-4411-A875-F644273A8511}.Debug|Any CPU.ActiveCfg = Debug|Any CPU
		{CE537E51-556C-4411-A875-F644273A8511}.Debug|Any CPU.Build.0 = Debug|Any CPU
		{CE537E51-556C-4411-A875-F644273A8511}.Release|Any CPU.ActiveCfg = Release|Any CPU
		{CE537E51-556C-4411-A875-F644273A8511}.Release|Any CPU.Build.0 = Release|Any CPU
	EndGlobalSection
	GlobalSection(SolutionProperties) = preSolution
		HideSolutionNode = FALSE
	EndGlobalSection
	GlobalSection(ExtensibilityGlobals) = postSolution
		SolutionGuid = {617CCC53-22AF-4092-9BA5-417E34F8A6B4}
	EndGlobalSection
EndGlobal
